github.com/newrelic/go-agent/v3 v3.33.0 h1:0Phrvp6KWOcJPsIxskL9ZrVddhrZDl1xokNtTjN4GpQ=
github.com/newrelic/go-agent/v3 v3.33.0/go.mod h1:SMdqPzE/ghkWdY0rYGSD7Clw2daK/XH6pUnVd4albg4=
github.com/sourcegraph/go-diff-patch v0.0.0-20240223163233-798fd1e94a8e h1:H+jDTUeF+SVd4ApwnSFoew8ZwGNRfgb9EsZc7LcocAg=
github.com/sourcegraph/go-diff-patch v0.0.0-20240223163233-798fd1e94a8e/go.mod h1:VsUklG6OQo7Ctunu0gS3AtEOCEc2kMB6r5rKzxAes58=
